
Microsoft Visual Studio Solution File, Format Version 12.00
# Visual Studio Version 16
VisualStudioVersion = 16.0.29503.13
MinimumVisualStudioVersion = 10.0.40219.1
Project("{9A19103F-16F7-4668-BE54-9A1E7A4F7556}") = "00Notes", "00Notes\00Notes.csproj", "{049A61FA-0D97-476C-9F9B-9EE2F122CADF}"
EndProject
Project("{2150E333-8FDC-42A3-9474-1A3956D46DE8}") = "Domain", "Domain", "{6C78E8A1-7572-45DF-9A7D-8F1E44FFC49F}"
EndProject
Project("{2150E333-8FDC-42A3-9474-1A3956D46DE8}") = "Microservices", "Microservices", "{0041381D-6E31-471C-9317-97E664046F42}"
EndProject
Project("{2150E333-8FDC-42A3-9474-1A3956D46DE8}") = "Infra.Bus", "Infra.Bus", "{0E30A4B0-E61A-4D3D-A26B-6263297D75A7}"
EndProject
Project("{2150E333-8FDC-42A3-9474-1A3956D46DE8}") = "Infra.IoC", "Infra.IoC", "{CECAFCA5-3A46-454E-9024-5A091449BEBF}"
EndProject
Project("{2150E333-8FDC-42A3-9474-1A3956D46DE8}") = "Presentation", "Presentation", "{91F2A331-2B5C-4033-A74D-90ABB8EEB440}"
EndProject
Project("{FAE04EC0-301F-11D3-BF4B-00C04F79EFBC}") = "MicroRabbit.Domain.Core", "MicroRabbit.Domain.Core\MicroRabbit.Domain.Core.csproj", "{EA759F4B-6CAC-4518-8608-151452E2C7EC}"
EndProject
Global
	GlobalSection(SolutionConfigurationPlatforms) = preSolution
		Debug|Any CPU = Debug|Any CPU
		Release|Any CPU = Release|Any CPU
	EndGlobalSection
	GlobalSection(ProjectConfigurationPlatforms) = postSolution
		{049A61FA-0D97-476C-9F9B-9EE2F122CADF}.Debug|Any CPU.ActiveCfg = Debug|Any CPU
		{049A61FA-0D97-476C-9F9B-9EE2F122CADF}.Debug|Any CPU.Build.0 = Debug|Any CPU
		{049A61FA-0D97-476C-9F9B-9EE2F122CADF}.Release|Any CPU.ActiveCfg = Release|Any CPU
		{049A61FA-0D97-476C-9F9B-9EE2F122CADF}.Release|Any CPU.Build.0 = Release|Any CPU
		{EA759F4B-6CAC-4518-8608-151452E2C7EC}.Debug|Any CPU.ActiveCfg = Debug|Any CPU
		{EA759F4B-6CAC-4518-8608-151452E2C7EC}.Debug|Any CPU.Build.0 = Debug|Any CPU
		{EA759F4B-6CAC-4518-8608-151452E2C7EC}.Release|Any CPU.ActiveCfg = Release|Any CPU
		{EA759F4B-6CAC-4518-8608-151452E2C7EC}.Release|Any CPU.Build.0 = Release|Any CPU
	EndGlobalSection
	GlobalSection(SolutionProperties) = preSolution
		HideSolutionNode = FALSE
	EndGlobalSection
	GlobalSection(NestedProjects) = preSolution
		{EA759F4B-6CAC-4518-8608-151452E2C7EC} = {6C78E8A1-7572-45DF-9A7D-8F1E44FFC49F}
	EndGlobalSection
	GlobalSection(ExtensibilityGlobals) = postSolution
		SolutionGuid = {B77242CF-6046-4D89-AC43-7CEBD6FF101C}
	EndGlobalSection
EndGlobal
