
Microsoft Visual Studio Solution File, Format Version 12.00
# Visual Studio Version 16
VisualStudioVersion = 16.0.29503.13
MinimumVisualStudioVersion = 10.0.40219.1
Project("{9A19103F-16F7-4668-BE54-9A1E7A4F7556}") = "00Notes", "00Notes\00Notes.csproj", "{049A61FA-0D97-476C-9F9B-9EE2F122CADF}"
EndProject
Project("{2150E333-8FDC-42A3-9474-1A3956D46DE8}") = "Domain", "Domain", "{6C78E8A1-7572-45DF-9A7D-8F1E44FFC49F}"
EndProject
Project("{2150E333-8FDC-42A3-9474-1A3956D46DE8}") = "Microservices", "Microservices", "{0041381D-6E31-471C-9317-97E664046F42}"
EndProject
Project("{2150E333-8FDC-42A3-9474-1A3956D46DE8}") = "Infra.Bus", "Infra.Bus", "{0E30A4B0-E61A-4D3D-A26B-6263297D75A7}"
EndProject
Project("{2150E333-8FDC-42A3-9474-1A3956D46DE8}") = "Infra.IoC", "Infra.IoC", "{CECAFCA5-3A46-454E-9024-5A091449BEBF}"
EndProject
Project("{2150E333-8FDC-42A3-9474-1A3956D46DE8}") = "Presentation", "Presentation", "{91F2A331-2B5C-4033-A74D-90ABB8EEB440}"
EndProject
Project("{9A19103F-16F7-4668-BE54-9A1E7A4F7556}") = "MicroRabbit.Domain.Core", "MicroRabbit.Domain.Core\MicroRabbit.Domain.Core.csproj", "{EA759F4B-6CAC-4518-8608-151452E2C7EC}"
EndProject
Project("{9A19103F-16F7-4668-BE54-9A1E7A4F7556}") = "MicroRabbit.Infra.Bus", "MicroRabbit.Infra.Bus\MicroRabbit.Infra.Bus.csproj", "{5C621E40-DF9E-4FEA-8467-7102C849E540}"
EndProject
Project("{9A19103F-16F7-4668-BE54-9A1E7A4F7556}") = "MicroRabbit.Infra.IoC", "MicroRabbit.Infra.IoC\MicroRabbit.Infra.IoC.csproj", "{D04B40A2-E63D-4508-8A01-1EB1BFDCB200}"
EndProject
Project("{2150E333-8FDC-42A3-9474-1A3956D46DE8}") = "Banking", "Banking", "{3AFF3565-9807-48AF-AF66-9C4710040F1A}"
EndProject
Project("{2150E333-8FDC-42A3-9474-1A3956D46DE8}") = "Api", "Api", "{943FB826-5AD3-4E0F-B42B-833B8D508E43}"
EndProject
Project("{2150E333-8FDC-42A3-9474-1A3956D46DE8}") = "Application", "Application", "{072B14E1-2B65-4CD9-9B46-B948C0AAC2F6}"
EndProject
Project("{2150E333-8FDC-42A3-9474-1A3956D46DE8}") = "Domain", "Domain", "{4EC2D590-536D-4D0A-ACED-CBCD67023592}"
EndProject
Project("{2150E333-8FDC-42A3-9474-1A3956D46DE8}") = "Data", "Data", "{440A72B2-216F-4695-8390-4C3A4102B163}"
EndProject
Project("{9A19103F-16F7-4668-BE54-9A1E7A4F7556}") = "MicroRabbit.Banking.Application", "MicroRabbit.Banking.Application\MicroRabbit.Banking.Application.csproj", "{5B0CC8BA-1150-4F81-9E07-25BF9102984F}"
EndProject
Project("{9A19103F-16F7-4668-BE54-9A1E7A4F7556}") = "MicroRabbit.Banking.Data", "MicroRabbit.Banking.Data\MicroRabbit.Banking.Data.csproj", "{7F066B73-38B2-4A03-9D2D-18787655408B}"
EndProject
Project("{9A19103F-16F7-4668-BE54-9A1E7A4F7556}") = "MicroRabbit.Banking.Domain", "MicroRabbit.Banking.Domain\MicroRabbit.Banking.Domain.csproj", "{6B529AB5-02F3-4994-A397-E5DFB9CD7C12}"
EndProject
Project("{9A19103F-16F7-4668-BE54-9A1E7A4F7556}") = "MicroRabbit.Banking.Api", "MicroRabbit.Banking.Api\MicroRabbit.Banking.Api.csproj", "{89FB3544-293C-41FB-9C5F-B8E3D25FDC21}"
EndProject
Project("{2150E333-8FDC-42A3-9474-1A3956D46DE8}") = "00Documentation", "00Documentation", "{DBEF6D7F-18F1-4A5B-8114-454507102318}"
EndProject
Project("{2150E333-8FDC-42A3-9474-1A3956D46DE8}") = "Transfer", "Transfer", "{7AA9CD82-8FC1-4991-9ACE-11DF886E3529}"
EndProject
Project("{2150E333-8FDC-42A3-9474-1A3956D46DE8}") = "Api", "Api", "{313952C8-7E6C-4D42-B8FE-201ADBE31B86}"
EndProject
Project("{2150E333-8FDC-42A3-9474-1A3956D46DE8}") = "Application", "Application", "{01BFCB01-A8AB-4351-8C3D-69011650229C}"
EndProject
Project("{2150E333-8FDC-42A3-9474-1A3956D46DE8}") = "Data", "Data", "{FF788F89-585E-4A85-A218-AD83418954F4}"
EndProject
Project("{2150E333-8FDC-42A3-9474-1A3956D46DE8}") = "Domain", "Domain", "{F763EEE3-8455-4FE5-B5BF-CA1B5B849EDC}"
EndProject
Project("{9A19103F-16F7-4668-BE54-9A1E7A4F7556}") = "MicroRabbit.Transfer.Api", "MicroRabbit.Transfer.Api\MicroRabbit.Transfer.Api.csproj", "{EAB50C6A-4E0D-42B2-A1E2-46A2D86A9CC0}"
EndProject
Project("{9A19103F-16F7-4668-BE54-9A1E7A4F7556}") = "MicroRabbit.Transfer.Application", "MicroRabbit.Transfer.Application\MicroRabbit.Transfer.Application.csproj", "{46E3AC4F-6B2A-424C-9C5C-86D6F0A32FB4}"
EndProject
Project("{9A19103F-16F7-4668-BE54-9A1E7A4F7556}") = "MicroRabbit.Transfer.Data", "MicroRabbit.Transfer.Data\MicroRabbit.Transfer.Data.csproj", "{37F89913-6867-4A53-A536-0E7FF0B37205}"
EndProject
Project("{9A19103F-16F7-4668-BE54-9A1E7A4F7556}") = "MicroRabbit.Transfer.Domain", "MicroRabbit.Transfer.Domain\MicroRabbit.Transfer.Domain.csproj", "{35D26AAF-72D0-47FC-AF3E-79BE98716502}"
EndProject
Project("{FAE04EC0-301F-11D3-BF4B-00C04F79EFBC}") = "MicroRabbit.MVC", "MicroRabbit.MVC\MicroRabbit.MVC.csproj", "{05A7D9D2-4E3D-491D-BA2E-158D11C9720F}"
EndProject
Global
	GlobalSection(SolutionConfigurationPlatforms) = preSolution
		Debug|Any CPU = Debug|Any CPU
		Release|Any CPU = Release|Any CPU
	EndGlobalSection
	GlobalSection(ProjectConfigurationPlatforms) = postSolution
		{049A61FA-0D97-476C-9F9B-9EE2F122CADF}.Debug|Any CPU.ActiveCfg = Debug|Any CPU
		{049A61FA-0D97-476C-9F9B-9EE2F122CADF}.Debug|Any CPU.Build.0 = Debug|Any CPU
		{049A61FA-0D97-476C-9F9B-9EE2F122CADF}.Release|Any CPU.ActiveCfg = Release|Any CPU
		{049A61FA-0D97-476C-9F9B-9EE2F122CADF}.Release|Any CPU.Build.0 = Release|Any CPU
		{EA759F4B-6CAC-4518-8608-151452E2C7EC}.Debug|Any CPU.ActiveCfg = Debug|Any CPU
		{EA759F4B-6CAC-4518-8608-151452E2C7EC}.Debug|Any CPU.Build.0 = Debug|Any CPU
		{EA759F4B-6CAC-4518-8608-151452E2C7EC}.Release|Any CPU.ActiveCfg = Release|Any CPU
		{EA759F4B-6CAC-4518-8608-151452E2C7EC}.Release|Any CPU.Build.0 = Release|Any CPU
		{5C621E40-DF9E-4FEA-8467-7102C849E540}.Debug|Any CPU.ActiveCfg = Debug|Any CPU
		{5C621E40-DF9E-4FEA-8467-7102C849E540}.Debug|Any CPU.Build.0 = Debug|Any CPU
		{5C621E40-DF9E-4FEA-8467-7102C849E540}.Release|Any CPU.ActiveCfg = Release|Any CPU
		{5C621E40-DF9E-4FEA-8467-7102C849E540}.Release|Any CPU.Build.0 = Release|Any CPU
		{D04B40A2-E63D-4508-8A01-1EB1BFDCB200}.Debug|Any CPU.ActiveCfg = Debug|Any CPU
		{D04B40A2-E63D-4508-8A01-1EB1BFDCB200}.Debug|Any CPU.Build.0 = Debug|Any CPU
		{D04B40A2-E63D-4508-8A01-1EB1BFDCB200}.Release|Any CPU.ActiveCfg = Release|Any CPU
		{D04B40A2-E63D-4508-8A01-1EB1BFDCB200}.Release|Any CPU.Build.0 = Release|Any CPU
		{5B0CC8BA-1150-4F81-9E07-25BF9102984F}.Debug|Any CPU.ActiveCfg = Debug|Any CPU
		{5B0CC8BA-1150-4F81-9E07-25BF9102984F}.Debug|Any CPU.Build.0 = Debug|Any CPU
		{5B0CC8BA-1150-4F81-9E07-25BF9102984F}.Release|Any CPU.ActiveCfg = Release|Any CPU
		{5B0CC8BA-1150-4F81-9E07-25BF9102984F}.Release|Any CPU.Build.0 = Release|Any CPU
		{7F066B73-38B2-4A03-9D2D-18787655408B}.Debug|Any CPU.ActiveCfg = Debug|Any CPU
		{7F066B73-38B2-4A03-9D2D-18787655408B}.Debug|Any CPU.Build.0 = Debug|Any CPU
		{7F066B73-38B2-4A03-9D2D-18787655408B}.Release|Any CPU.ActiveCfg = Release|Any CPU
		{7F066B73-38B2-4A03-9D2D-18787655408B}.Release|Any CPU.Build.0 = Release|Any CPU
		{6B529AB5-02F3-4994-A397-E5DFB9CD7C12}.Debug|Any CPU.ActiveCfg = Debug|Any CPU
		{6B529AB5-02F3-4994-A397-E5DFB9CD7C12}.Debug|Any CPU.Build.0 = Debug|Any CPU
		{6B529AB5-02F3-4994-A397-E5DFB9CD7C12}.Release|Any CPU.ActiveCfg = Release|Any CPU
		{6B529AB5-02F3-4994-A397-E5DFB9CD7C12}.Release|Any CPU.Build.0 = Release|Any CPU
		{89FB3544-293C-41FB-9C5F-B8E3D25FDC21}.Debug|Any CPU.ActiveCfg = Debug|Any CPU
		{89FB3544-293C-41FB-9C5F-B8E3D25FDC21}.Debug|Any CPU.Build.0 = Debug|Any CPU
		{89FB3544-293C-41FB-9C5F-B8E3D25FDC21}.Release|Any CPU.ActiveCfg = Release|Any CPU
		{89FB3544-293C-41FB-9C5F-B8E3D25FDC21}.Release|Any CPU.Build.0 = Release|Any CPU
		{EAB50C6A-4E0D-42B2-A1E2-46A2D86A9CC0}.Debug|Any CPU.ActiveCfg = Debug|Any CPU
		{EAB50C6A-4E0D-42B2-A1E2-46A2D86A9CC0}.Debug|Any CPU.Build.0 = Debug|Any CPU
		{EAB50C6A-4E0D-42B2-A1E2-46A2D86A9CC0}.Release|Any CPU.ActiveCfg = Release|Any CPU
		{EAB50C6A-4E0D-42B2-A1E2-46A2D86A9CC0}.Release|Any CPU.Build.0 = Release|Any CPU
		{46E3AC4F-6B2A-424C-9C5C-86D6F0A32FB4}.Debug|Any CPU.ActiveCfg = Debug|Any CPU
		{46E3AC4F-6B2A-424C-9C5C-86D6F0A32FB4}.Debug|Any CPU.Build.0 = Debug|Any CPU
		{46E3AC4F-6B2A-424C-9C5C-86D6F0A32FB4}.Release|Any CPU.ActiveCfg = Release|Any CPU
		{46E3AC4F-6B2A-424C-9C5C-86D6F0A32FB4}.Release|Any CPU.Build.0 = Release|Any CPU
		{37F89913-6867-4A53-A536-0E7FF0B37205}.Debug|Any CPU.ActiveCfg = Debug|Any CPU
		{37F89913-6867-4A53-A536-0E7FF0B37205}.Debug|Any CPU.Build.0 = Debug|Any CPU
		{37F89913-6867-4A53-A536-0E7FF0B37205}.Release|Any CPU.ActiveCfg = Release|Any CPU
		{37F89913-6867-4A53-A536-0E7FF0B37205}.Release|Any CPU.Build.0 = Release|Any CPU
		{35D26AAF-72D0-47FC-AF3E-79BE98716502}.Debug|Any CPU.ActiveCfg = Debug|Any CPU
		{35D26AAF-72D0-47FC-AF3E-79BE98716502}.Debug|Any CPU.Build.0 = Debug|Any CPU
		{35D26AAF-72D0-47FC-AF3E-79BE98716502}.Release|Any CPU.ActiveCfg = Release|Any CPU
		{35D26AAF-72D0-47FC-AF3E-79BE98716502}.Release|Any CPU.Build.0 = Release|Any CPU
		{05A7D9D2-4E3D-491D-BA2E-158D11C9720F}.Debug|Any CPU.ActiveCfg = Debug|Any CPU
		{05A7D9D2-4E3D-491D-BA2E-158D11C9720F}.Debug|Any CPU.Build.0 = Debug|Any CPU
		{05A7D9D2-4E3D-491D-BA2E-158D11C9720F}.Release|Any CPU.ActiveCfg = Release|Any CPU
		{05A7D9D2-4E3D-491D-BA2E-158D11C9720F}.Release|Any CPU.Build.0 = Release|Any CPU
	EndGlobalSection
	GlobalSection(SolutionProperties) = preSolution
		HideSolutionNode = FALSE
	EndGlobalSection
	GlobalSection(NestedProjects) = preSolution
		{049A61FA-0D97-476C-9F9B-9EE2F122CADF} = {DBEF6D7F-18F1-4A5B-8114-454507102318}
		{EA759F4B-6CAC-4518-8608-151452E2C7EC} = {6C78E8A1-7572-45DF-9A7D-8F1E44FFC49F}
		{5C621E40-DF9E-4FEA-8467-7102C849E540} = {0E30A4B0-E61A-4D3D-A26B-6263297D75A7}
		{D04B40A2-E63D-4508-8A01-1EB1BFDCB200} = {CECAFCA5-3A46-454E-9024-5A091449BEBF}
		{3AFF3565-9807-48AF-AF66-9C4710040F1A} = {0041381D-6E31-471C-9317-97E664046F42}
		{943FB826-5AD3-4E0F-B42B-833B8D508E43} = {3AFF3565-9807-48AF-AF66-9C4710040F1A}
		{072B14E1-2B65-4CD9-9B46-B948C0AAC2F6} = {3AFF3565-9807-48AF-AF66-9C4710040F1A}
		{4EC2D590-536D-4D0A-ACED-CBCD67023592} = {3AFF3565-9807-48AF-AF66-9C4710040F1A}
		{440A72B2-216F-4695-8390-4C3A4102B163} = {3AFF3565-9807-48AF-AF66-9C4710040F1A}
		{5B0CC8BA-1150-4F81-9E07-25BF9102984F} = {072B14E1-2B65-4CD9-9B46-B948C0AAC2F6}
		{7F066B73-38B2-4A03-9D2D-18787655408B} = {440A72B2-216F-4695-8390-4C3A4102B163}
		{6B529AB5-02F3-4994-A397-E5DFB9CD7C12} = {4EC2D590-536D-4D0A-ACED-CBCD67023592}
		{89FB3544-293C-41FB-9C5F-B8E3D25FDC21} = {943FB826-5AD3-4E0F-B42B-833B8D508E43}
		{7AA9CD82-8FC1-4991-9ACE-11DF886E3529} = {0041381D-6E31-471C-9317-97E664046F42}
		{313952C8-7E6C-4D42-B8FE-201ADBE31B86} = {7AA9CD82-8FC1-4991-9ACE-11DF886E3529}
		{01BFCB01-A8AB-4351-8C3D-69011650229C} = {7AA9CD82-8FC1-4991-9ACE-11DF886E3529}
		{FF788F89-585E-4A85-A218-AD83418954F4} = {7AA9CD82-8FC1-4991-9ACE-11DF886E3529}
		{F763EEE3-8455-4FE5-B5BF-CA1B5B849EDC} = {7AA9CD82-8FC1-4991-9ACE-11DF886E3529}
		{EAB50C6A-4E0D-42B2-A1E2-46A2D86A9CC0} = {313952C8-7E6C-4D42-B8FE-201ADBE31B86}
		{46E3AC4F-6B2A-424C-9C5C-86D6F0A32FB4} = {01BFCB01-A8AB-4351-8C3D-69011650229C}
		{37F89913-6867-4A53-A536-0E7FF0B37205} = {FF788F89-585E-4A85-A218-AD83418954F4}
		{35D26AAF-72D0-47FC-AF3E-79BE98716502} = {F763EEE3-8455-4FE5-B5BF-CA1B5B849EDC}
		{05A7D9D2-4E3D-491D-BA2E-158D11C9720F} = {91F2A331-2B5C-4033-A74D-90ABB8EEB440}
	EndGlobalSection
	GlobalSection(ExtensibilityGlobals) = postSolution
		SolutionGuid = {B77242CF-6046-4D89-AC43-7CEBD6FF101C}
	EndGlobalSection
EndGlobal
